
Microsoft Visual Studio Solution File, Format Version 12.00
# Visual Studio 15
VisualStudioVersion = 15.0.27703.2018
MinimumVisualStudioVersion = 10.0.40219.1
Project("{FAE04EC0-301F-11D3-BF4B-00C04F79EFBC}") = "MarvelAPI", "MarvelAPI\MarvelAPI.csproj", "{C23147AE-8A37-43D9-8047-DBD968BA234E}"
EndProject
Project("{FAE04EC0-301F-11D3-BF4B-00C04F79EFBC}") = "MarvelWeb", "MarvelWeb\MarvelWeb.csproj", "{365C6CF7-2358-44E9-B8A8-C6E19250093C}"
EndProject
Global
	GlobalSection(SolutionConfigurationPlatforms) = preSolution
		Debug|Any CPU = Debug|Any CPU
		Release|Any CPU = Release|Any CPU
	EndGlobalSection
	GlobalSection(ProjectConfigurationPlatforms) = postSolution
		{C23147AE-8A37-43D9-8047-DBD968BA234E}.Debug|Any CPU.ActiveCfg = Debug|Any CPU
		{C23147AE-8A37-43D9-8047-DBD968BA234E}.Debug|Any CPU.Build.0 = Debug|Any CPU
		{C23147AE-8A37-43D9-8047-DBD968BA234E}.Release|Any CPU.ActiveCfg = Release|Any CPU
		{C23147AE-8A37-43D9-8047-DBD968BA234E}.Release|Any CPU.Build.0 = Release|Any CPU
		{365C6CF7-2358-44E9-B8A8-C6E19250093C}.Debug|Any CPU.ActiveCfg = Debug|Any CPU
		{365C6CF7-2358-44E9-B8A8-C6E19250093C}.Debug|Any CPU.Build.0 = Debug|Any CPU
		{365C6CF7-2358-44E9-B8A8-C6E19250093C}.Release|Any CPU.ActiveCfg = Release|Any CPU
		{365C6CF7-2358-44E9-B8A8-C6E19250093C}.Release|Any CPU.Build.0 = Release|Any CPU
	EndGlobalSection
	GlobalSection(SolutionProperties) = preSolution
		HideSolutionNode = FALSE
	EndGlobalSection
	GlobalSection(ExtensibilityGlobals) = postSolution
		SolutionGuid = {C25EC7F7-D15D-464F-A456-5E48F7BF90E9}
	EndGlobalSection
EndGlobal
